
Microsoft Visual Studio Solution File, Format Version 12.00
# Visual Studio Version 17
VisualStudioVersion = 17.7.34221.43
MinimumVisualStudioVersion = 10.0.40219.1
Project("{FAE04EC0-301F-11D3-BF4B-00C04F79EFBC}") = "IztekTestCase", "IztekTestCase\IztekTestCase.csproj", "{D18850CA-CE32-4AAA-8F5D-A187136F2A04}"
EndProject
Global
	GlobalSection(SolutionConfigurationPlatforms) = preSolution
		Debug|Any CPU = Debug|Any CPU
		Release|Any CPU = Release|Any CPU
	EndGlobalSection
	GlobalSection(ProjectConfigurationPlatforms) = postSolution
		{D18850CA-CE32-4AAA-8F5D-A187136F2A04}.Debug|Any CPU.ActiveCfg = Debug|Any CPU
		{D18850CA-CE32-4AAA-8F5D-A187136F2A04}.Debug|Any CPU.Build.0 = Debug|Any CPU
		{D18850CA-CE32-4AAA-8F5D-A187136F2A04}.Release|Any CPU.ActiveCfg = Release|Any CPU
		{D18850CA-CE32-4AAA-8F5D-A187136F2A04}.Release|Any CPU.Build.0 = Release|Any CPU
	EndGlobalSection
	GlobalSection(SolutionProperties) = preSolution
		HideSolutionNode = FALSE
	EndGlobalSection
	GlobalSection(ExtensibilityGlobals) = postSolution
		SolutionGuid = {9FC9117D-A0E8-425C-B3BE-6639274FC16B}
	EndGlobalSection
EndGlobal
